# This file was autogenerated by uv via the following command:
#    uv pip compile requirements\agent_02_model.txt -o requirements\agent_02_model.lock
absl-py==2.3.1
    # via keras
colorama==0.4.6
    # via loguru
h5py==3.15.1
    # via keras
jax==0.8.0
    # via -r requirements/agent_02_model.txt
jaxlib==0.8.0
    # via jax
joblib==1.5.2
    # via scikit-learn
keras==3.12.0
    # via -r requirements/agent_02_model.txt
loguru==0.7.3
    # via -r requirements/agent_02_model.txt
markdown-it-py==4.0.0
    # via rich
mdurl==0.1.2
    # via markdown-it-py
ml-dtypes==0.5.3
    # via
    #   jax
    #   jaxlib
    #   keras
namex==0.1.0
    # via keras
numpy==2.3.4
    # via
    #   -r requirements/agent_02_model.txt
    #   h5py
    #   jax
    #   jaxlib
    #   keras
    #   ml-dtypes
    #   scikit-learn
    #   scipy
opt-einsum==3.4.0
    # via jax
optree==0.17.0
    # via keras
packaging==25.0
    # via keras
pygments==2.19.2
    # via rich
pyyaml==6.0.3
    # via -r requirements/agent_02_model.txt
rich==14.2.0
    # via keras
scikit-learn==1.7.2
    # via -r requirements/agent_02_model.txt
scipy==1.16.3
    # via
    #   jax
    #   jaxlib
    #   scikit-learn
threadpoolctl==3.6.0
    # via scikit-learn
typing-extensions==4.15.0
    # via optree
win32-setctime==1.2.0
    # via loguru
