# This file was autogenerated by uv via the following command:
#    uv pip compile requirements\agent_05_business.txt -o requirements\agent_05_business.lock
absl-py==2.3.1
    # via keras
colorama==0.4.6
    # via loguru
contourpy==1.3.3
    # via matplotlib
cycler==0.12.1
    # via matplotlib
fonttools==4.60.1
    # via matplotlib
h5py==3.15.1
    # via keras
jax==0.8.0
    # via -r requirements/agent_05_business.txt
jaxlib==0.8.0
    # via jax
joblib==1.5.2
    # via scikit-learn
keras==3.12.0
    # via -r requirements/agent_05_business.txt
kiwisolver==1.4.9
    # via matplotlib
loguru==0.7.3
    # via -r requirements/agent_05_business.txt
markdown-it-py==4.0.0
    # via rich
matplotlib==3.10.7
    # via -r requirements/agent_05_business.txt
mdurl==0.1.2
    # via markdown-it-py
ml-dtypes==0.5.3
    # via
    #   jax
    #   jaxlib
    #   keras
namex==0.1.0
    # via keras
narwhals==2.10.0
    # via plotly
numpy==2.3.4
    # via
    #   -r requirements/agent_05_business.txt
    #   contourpy
    #   h5py
    #   jax
    #   jaxlib
    #   keras
    #   matplotlib
    #   ml-dtypes
    #   pandas
    #   scikit-learn
    #   scipy
opt-einsum==3.4.0
    # via jax
optree==0.17.0
    # via keras
packaging==25.0
    # via
    #   keras
    #   matplotlib
    #   plotly
pandas==2.3.3
    # via -r requirements/agent_05_business.txt
pillow==12.0.0
    # via matplotlib
plotly==6.3.1
    # via -r requirements/agent_05_business.txt
pygments==2.19.2
    # via rich
pyparsing==3.2.5
    # via matplotlib
python-dateutil==2.9.0.post0
    # via
    #   matplotlib
    #   pandas
pytz==2025.2
    # via pandas
pyyaml==6.0.3
    # via -r requirements/agent_05_business.txt
rich==14.2.0
    # via keras
scikit-learn==1.7.2
    # via -r requirements/agent_05_business.txt
scipy==1.16.3
    # via
    #   -r requirements/agent_05_business.txt
    #   jax
    #   jaxlib
    #   scikit-learn
six==1.17.0
    # via python-dateutil
threadpoolctl==3.6.0
    # via scikit-learn
typing-extensions==4.15.0
    # via optree
tzdata==2025.2
    # via pandas
win32-setctime==1.2.0
    # via loguru
