# This file was autogenerated by uv via the following command:
#    uv pip compile requirements\agent_06_testing.txt -o requirements\agent_06_testing.lock
absl-py==2.3.1
    # via keras
attrs==25.4.0
    # via hypothesis
colorama==0.4.6
    # via pytest
coverage==7.11.0
    # via pytest-cov
h5py==3.15.1
    # via keras
hypothesis==6.142.4
    # via -r requirements/agent_06_testing.txt
iniconfig==2.3.0
    # via pytest
jax==0.8.0
    # via -r requirements/agent_06_testing.txt
jaxlib==0.8.0
    # via jax
keras==3.12.0
    # via -r requirements/agent_06_testing.txt
markdown-it-py==4.0.0
    # via rich
mdurl==0.1.2
    # via markdown-it-py
ml-dtypes==0.5.3
    # via
    #   jax
    #   jaxlib
    #   keras
namex==0.1.0
    # via keras
numpy==2.3.4
    # via
    #   -r requirements/agent_06_testing.txt
    #   h5py
    #   jax
    #   jaxlib
    #   keras
    #   ml-dtypes
    #   pandas
    #   scipy
opt-einsum==3.4.0
    # via jax
optree==0.17.0
    # via keras
packaging==25.0
    # via
    #   keras
    #   pytest
pandas==2.3.3
    # via -r requirements/agent_06_testing.txt
pluggy==1.6.0
    # via
    #   pytest
    #   pytest-cov
pygments==2.19.2
    # via
    #   pytest
    #   rich
pytest==8.4.2
    # via
    #   -r requirements/agent_06_testing.txt
    #   pytest-cov
    #   pytest-mock
pytest-cov==7.0.0
    # via -r requirements/agent_06_testing.txt
pytest-mock==3.15.1
    # via -r requirements/agent_06_testing.txt
python-dateutil==2.9.0.post0
    # via pandas
pytz==2025.2
    # via pandas
rich==14.2.0
    # via keras
scipy==1.16.3
    # via
    #   jax
    #   jaxlib
six==1.17.0
    # via python-dateutil
sortedcontainers==2.4.0
    # via hypothesis
typing-extensions==4.15.0
    # via optree
tzdata==2025.2
    # via pandas
