# This file was autogenerated by uv via the following command:
#    uv pip compile requirements\agent_01_data.txt -o requirements\agent_01_data.lock
colorama==0.4.6
    # via
    #   loguru
    #   tqdm
joblib==1.5.2
    # via scikit-learn
loguru==0.7.3
    # via -r requirements/agent_01_data.txt
numpy==2.3.4
    # via
    #   -r requirements/agent_01_data.txt
    #   pandas
    #   scikit-learn
    #   scipy
pandas==2.3.3
    # via -r requirements/agent_01_data.txt
python-dateutil==2.9.0.post0
    # via pandas
pytz==2025.2
    # via pandas
pyyaml==6.0.3
    # via -r requirements/agent_01_data.txt
scikit-learn==1.7.2
    # via -r requirements/agent_01_data.txt
scipy==1.16.3
    # via
    #   -r requirements/agent_01_data.txt
    #   scikit-learn
six==1.17.0
    # via python-dateutil
threadpoolctl==3.6.0
    # via scikit-learn
tqdm==4.67.1
    # via -r requirements/agent_01_data.txt
tzdata==2025.2
    # via pandas
win32-setctime==1.2.0
    # via loguru
